
Microsoft Visual Studio Solution File, Format Version 12.00
# Visual Studio Version 16
VisualStudioVersion = 16.0.30611.23
MinimumVisualStudioVersion = 10.0.40219.1
Project("{2150E333-8FDC-42A3-9474-1A3956D46DE8}") = "Shell", "Shell", "{941CB691-6644-4C1E-8644-636B75DD66C8}"
EndProject
Project("{2150E333-8FDC-42A3-9474-1A3956D46DE8}") = "Infrastructure", "Infrastructure", "{22F9F332-BF7A-4747-A1CD-6C7727178D51}"
EndProject
Project("{2150E333-8FDC-42A3-9474-1A3956D46DE8}") = "Modules", "Modules", "{92FB204F-6F3B-4958-A866-3ED95737BB80}"
EndProject
Project("{FAE04EC0-301F-11D3-BF4B-00C04F79EFBC}") = "PrismMahAppsSample.Shell", "Source\Shell\PrismMahAppsSample.Shell\PrismMahAppsSample.Shell.csproj", "{21AD6F05-1B46-4166-B7E8-C9AE5D82B45E}"
EndProject
Project("{FAE04EC0-301F-11D3-BF4B-00C04F79EFBC}") = "PrismMahAppsSample.Infrastructure", "Source\Infrastructure\PrismMahAppsSample.Infrastructure\PrismMahAppsSample.Infrastructure.csproj", "{957BF2F7-08AB-4AAA-BE5E-601F158490A8}"
EndProject
Project("{FAE04EC0-301F-11D3-BF4B-00C04F79EFBC}") = "PrismMahAppsSample.Styling", "Source\Infrastructure\PrismMahAppsSample.Styling\PrismMahAppsSample.Styling.csproj", "{8C6EFF7E-67BC-45A9-B60C-DC3369AF8B79}"
EndProject
Project("{FAE04EC0-301F-11D3-BF4B-00C04F79EFBC}") = "PrismMahAppsSample.ModuleA", "Source\Modules\PrismMahAppsSample.ModuleA\PrismMahAppsSample.ModuleA.csproj", "{B2E424E1-C17F-4640-A01F-0DE52E7CEF69}"
EndProject
Project("{FAE04EC0-301F-11D3-BF4B-00C04F79EFBC}") = "PrismMahAppsSample.ModuleB", "Source\Modules\PrismMahAppsSample.ModuleB\PrismMahAppsSample.ModuleB.csproj", "{8C49C5D2-3075-4E60-B74E-2F6FBF73C889}"
EndProject
Global
	GlobalSection(SolutionConfigurationPlatforms) = preSolution
		Debug|Any CPU = Debug|Any CPU
		Release|Any CPU = Release|Any CPU
	EndGlobalSection
	GlobalSection(ProjectConfigurationPlatforms) = postSolution
		{21AD6F05-1B46-4166-B7E8-C9AE5D82B45E}.Debug|Any CPU.ActiveCfg = Debug|Any CPU
		{21AD6F05-1B46-4166-B7E8-C9AE5D82B45E}.Debug|Any CPU.Build.0 = Debug|Any CPU
		{21AD6F05-1B46-4166-B7E8-C9AE5D82B45E}.Release|Any CPU.ActiveCfg = Release|Any CPU
		{21AD6F05-1B46-4166-B7E8-C9AE5D82B45E}.Release|Any CPU.Build.0 = Release|Any CPU
		{957BF2F7-08AB-4AAA-BE5E-601F158490A8}.Debug|Any CPU.ActiveCfg = Debug|Any CPU
		{957BF2F7-08AB-4AAA-BE5E-601F158490A8}.Debug|Any CPU.Build.0 = Debug|Any CPU
		{957BF2F7-08AB-4AAA-BE5E-601F158490A8}.Release|Any CPU.ActiveCfg = Release|Any CPU
		{957BF2F7-08AB-4AAA-BE5E-601F158490A8}.Release|Any CPU.Build.0 = Release|Any CPU
		{8C6EFF7E-67BC-45A9-B60C-DC3369AF8B79}.Debug|Any CPU.ActiveCfg = Debug|Any CPU
		{8C6EFF7E-67BC-45A9-B60C-DC3369AF8B79}.Debug|Any CPU.Build.0 = Debug|Any CPU
		{8C6EFF7E-67BC-45A9-B60C-DC3369AF8B79}.Release|Any CPU.ActiveCfg = Release|Any CPU
		{8C6EFF7E-67BC-45A9-B60C-DC3369AF8B79}.Release|Any CPU.Build.0 = Release|Any CPU
		{B2E424E1-C17F-4640-A01F-0DE52E7CEF69}.Debug|Any CPU.ActiveCfg = Debug|Any CPU
		{B2E424E1-C17F-4640-A01F-0DE52E7CEF69}.Debug|Any CPU.Build.0 = Debug|Any CPU
		{B2E424E1-C17F-4640-A01F-0DE52E7CEF69}.Release|Any CPU.ActiveCfg = Release|Any CPU
		{B2E424E1-C17F-4640-A01F-0DE52E7CEF69}.Release|Any CPU.Build.0 = Release|Any CPU
		{8C49C5D2-3075-4E60-B74E-2F6FBF73C889}.Debug|Any CPU.ActiveCfg = Debug|Any CPU
		{8C49C5D2-3075-4E60-B74E-2F6FBF73C889}.Debug|Any CPU.Build.0 = Debug|Any CPU
		{8C49C5D2-3075-4E60-B74E-2F6FBF73C889}.Release|Any CPU.ActiveCfg = Release|Any CPU
		{8C49C5D2-3075-4E60-B74E-2F6FBF73C889}.Release|Any CPU.Build.0 = Release|Any CPU
	EndGlobalSection
	GlobalSection(SolutionProperties) = preSolution
		HideSolutionNode = FALSE
	EndGlobalSection
	GlobalSection(NestedProjects) = preSolution
		{21AD6F05-1B46-4166-B7E8-C9AE5D82B45E} = {941CB691-6644-4C1E-8644-636B75DD66C8}
		{957BF2F7-08AB-4AAA-BE5E-601F158490A8} = {22F9F332-BF7A-4747-A1CD-6C7727178D51}
		{8C6EFF7E-67BC-45A9-B60C-DC3369AF8B79} = {22F9F332-BF7A-4747-A1CD-6C7727178D51}
		{B2E424E1-C17F-4640-A01F-0DE52E7CEF69} = {92FB204F-6F3B-4958-A866-3ED95737BB80}
		{8C49C5D2-3075-4E60-B74E-2F6FBF73C889} = {92FB204F-6F3B-4958-A866-3ED95737BB80}
	EndGlobalSection
	GlobalSection(ExtensibilityGlobals) = postSolution
		SolutionGuid = {A767D4B8-7B11-4A35-92A0-7A71DCD65F1B}
	EndGlobalSection
EndGlobal
